// !$*UTF8*$!
{
	archiveVersion = 1;
	classes = {
	};
	objectVersion = 56;
	objects = {

/* Begin PBXBuildFile section */
		4F7EA9192F3B77FA006D5BEB /* PersistenceService.swift in Sources */ = {isa = PBXBuildFile; fileRef = 4F7EA9172F3B77FA006D5BEB /* PersistenceService.swift */; };
		4F7EA91A2F3B77FA006D5BEB /* UserProgress.swift in Sources */ = {isa = PBXBuildFile; fileRef = 4F7EA9152F3B77FA006D5BEB /* UserProgress.swift */; };
		4F7EA91D2F3C2EDE006D5BEB /* MainViewModel.swift in Sources */ = {isa = PBXBuildFile; fileRef = 4F7EA91B2F3C2EDE006D5BEB /* MainViewModel.swift */; };
		4F7EA92B2F3D8536006D5BEB /* WisdomGardenViewModel.swift in Sources */ = {isa = PBXBuildFile; fileRef = 4F7EA9222F3D8536006D5BEB /* WisdomGardenViewModel.swift */; };
		4F7EA92C2F3D8536006D5BEB /* WisdomTreeVisualizationView.swift in Sources */ = {isa = PBXBuildFile; fileRef = 4F7EA9262F3D8536006D5BEB /* WisdomTreeVisualizationView.swift */; };
		4F7EA92D2F3D8536006D5BEB /* WisdomGardenView.swift in Sources */ = {isa = PBXBuildFile; fileRef = 4F7EA9282F3D8536006D5BEB /* WisdomGardenView.swift */; };
		4F7EA92E2F3D8536006D5BEB /* PracticeChecklistView.swift in Sources */ = {isa = PBXBuildFile; fileRef = 4F7EA9242F3D8536006D5BEB /* PracticeChecklistView.swift */; };
		4F7EA92F2F3D8536006D5BEB /* WisdomGardenData.swift in Sources */ = {isa = PBXBuildFile; fileRef = 4F7EA91E2F3D8536006D5BEB /* WisdomGardenData.swift */; };
		4F7EA9302F3D8536006D5BEB /* WisdomGardenModels.swift in Sources */ = {isa = PBXBuildFile; fileRef = 4F7EA9202F3D8536006D5BEB /* WisdomGardenModels.swift */; };
		4F7EA9312F3D8536006D5BEB /* WeekSelectorView.swift in Sources */ = {isa = PBXBuildFile; fileRef = 4F7EA9252F3D8536006D5BEB /* WeekSelectorView.swift */; };
		4F7EA9332F3DCACC006D5BEB /* NetworkWisdomGardenRepository.swift in Sources */ = {isa = PBXBuildFile; fileRef = 4F7EA9322F3DCACC006D5BEB /* NetworkWisdomGardenRepository.swift */; };
		4F7EA9352F3DCE73006D5BEB /* WeeklyPracticesView.swift in Sources */ = {isa = PBXBuildFile; fileRef = 4F7EA9342F3DCE73006D5BEB /* WeeklyPracticesView.swift */; };
		4F7EA93D2F3DFD71006D5BEB /* OnboardingService.swift in Sources */ = {isa = PBXBuildFile; fileRef = 4F7EA93A2F3DFD71006D5BEB /* OnboardingService.swift */; };
		4F7EA9442F3E0288006D5BEB /* OnboardingView.swift in Sources */ = {isa = PBXBuildFile; fileRef = 4F7EA9422F3E0288006D5BEB /* OnboardingView.swift */; };
		E1000001262F0001009A0001 /* TheMiddleWayApp.swift in Sources */ = {isa = PBXBuildFile; fileRef = E1000002262F0001009A0001 /* TheMiddleWayApp.swift */; };
		E1000003262F0001009A0001 /* ContentView.swift in Sources */ = {isa = PBXBuildFile; fileRef = E1000004262F0001009A0001 /* ContentView.swift */; };
		E1000005262F0001009A0001 /* Assets.xcassets in Resources */ = {isa = PBXBuildFile; fileRef = E1000006262F0001009A0001 /* Assets.xcassets */; };
		E1000007262F0001009A0001 /* AppColors.swift in Sources */ = {isa = PBXBuildFile; fileRef = E1000008262F0001009A0001 /* AppColors.swift */; };
		E1000009262F0001009A0001 /* AppTypography.swift in Sources */ = {isa = PBXBuildFile; fileRef = E100000A262F0001009A0001 /* AppTypography.swift */; };
		E100000B262F0001009A0001 /* HomeView.swift in Sources */ = {isa = PBXBuildFile; fileRef = E100000C262F0001009A0001 /* HomeView.swift */; };
		E1000024262F0001009A0001 /* AppTheme.swift in Sources */ = {isa = PBXBuildFile; fileRef = E1000025262F0001009A0001 /* AppTheme.swift */; };
		E1000030262F0001009A0001 /* ThemeConfig.swift in Sources */ = {isa = PBXBuildFile; fileRef = E1000031262F0001009A0001 /* ThemeConfig.swift */; };
/* End PBXBuildFile section */

/* Begin PBXFileReference section */
		4F7EA9152F3B77FA006D5BEB /* UserProgress.swift */ = {isa = PBXFileReference; lastKnownFileType = sourcecode.swift; path = UserProgress.swift; sourceTree = "<group>"; };
		4F7EA9172F3B77FA006D5BEB /* PersistenceService.swift */ = {isa = PBXFileReference; lastKnownFileType = sourcecode.swift; path = PersistenceService.swift; sourceTree = "<group>"; };
		4F7EA91B2F3C2EDE006D5BEB /* MainViewModel.swift */ = {isa = PBXFileReference; lastKnownFileType = sourcecode.swift; path = MainViewModel.swift; sourceTree = "<group>"; };
		4F7EA91E2F3D8536006D5BEB /* WisdomGardenData.swift */ = {isa = PBXFileReference; lastKnownFileType = sourcecode.swift; path = WisdomGardenData.swift; sourceTree = "<group>"; };
		4F7EA9202F3D8536006D5BEB /* WisdomGardenModels.swift */ = {isa = PBXFileReference; lastKnownFileType = sourcecode.swift; path = WisdomGardenModels.swift; sourceTree = "<group>"; };
		4F7EA9222F3D8536006D5BEB /* WisdomGardenViewModel.swift */ = {isa = PBXFileReference; lastKnownFileType = sourcecode.swift; path = WisdomGardenViewModel.swift; sourceTree = "<group>"; };
		4F7EA9242F3D8536006D5BEB /* PracticeChecklistView.swift */ = {isa = PBXFileReference; lastKnownFileType = sourcecode.swift; path = PracticeChecklistView.swift; sourceTree = "<group>"; };
		4F7EA9252F3D8536006D5BEB /* WeekSelectorView.swift */ = {isa = PBXFileReference; lastKnownFileType = sourcecode.swift; path = WeekSelectorView.swift; sourceTree = "<group>"; };
		4F7EA9262F3D8536006D5BEB /* WisdomTreeVisualizationView.swift */ = {isa = PBXFileReference; lastKnownFileType = sourcecode.swift; path = WisdomTreeVisualizationView.swift; sourceTree = "<group>"; };
		4F7EA9282F3D8536006D5BEB /* WisdomGardenView.swift */ = {isa = PBXFileReference; lastKnownFileType = sourcecode.swift; path = WisdomGardenView.swift; sourceTree = "<group>"; };
		4F7EA9322F3DCACC006D5BEB /* NetworkWisdomGardenRepository.swift */ = {isa = PBXFileReference; lastKnownFileType = sourcecode.swift; path = NetworkWisdomGardenRepository.swift; sourceTree = "<group>"; };
		4F7EA9342F3DCE73006D5BEB /* WeeklyPracticesView.swift */ = {isa = PBXFileReference; lastKnownFileType = sourcecode.swift; path = WeeklyPracticesView.swift; sourceTree = "<group>"; };
		4F7EA93A2F3DFD71006D5BEB /* OnboardingService.swift */ = {isa = PBXFileReference; lastKnownFileType = sourcecode.swift; path = OnboardingService.swift; sourceTree = "<group>"; };
		4F7EA9422F3E0288006D5BEB /* OnboardingView.swift */ = {isa = PBXFileReference; lastKnownFileType = sourcecode.swift; path = OnboardingView.swift; sourceTree = "<group>"; };
		E1000002262F0001009A0001 /* TheMiddleWayApp.swift */ = {isa = PBXFileReference; lastKnownFileType = sourcecode.swift; path = TheMiddleWayApp.swift; sourceTree = "<group>"; };
		E1000004262F0001009A0001 /* ContentView.swift */ = {isa = PBXFileReference; lastKnownFileType = sourcecode.swift; path = ContentView.swift; sourceTree = "<group>"; };
		E1000006262F0001009A0001 /* Assets.xcassets */ = {isa = PBXFileReference; lastKnownFileType = folder.assetcatalog; path = Assets.xcassets; sourceTree = "<group>"; };
		E1000008262F0001009A0001 /* AppColors.swift */ = {isa = PBXFileReference; lastKnownFileType = sourcecode.swift; path = AppColors.swift; sourceTree = "<group>"; };
		E100000A262F0001009A0001 /* AppTypography.swift */ = {isa = PBXFileReference; lastKnownFileType = sourcecode.swift; path = AppTypography.swift; sourceTree = "<group>"; };
		E100000C262F0001009A0001 /* HomeView.swift */ = {isa = PBXFileReference; lastKnownFileType = sourcecode.swift; path = HomeView.swift; sourceTree = "<group>"; };
		E1000010262F0001009A0001 /* TheMiddleWay.app */ = {isa = PBXFileReference; explicitFileType = wrapper.application; includeInIndex = 0; path = TheMiddleWay.app; sourceTree = BUILT_PRODUCTS_DIR; };
		E1000025262F0001009A0001 /* AppTheme.swift */ = {isa = PBXFileReference; lastKnownFileType = sourcecode.swift; path = AppTheme.swift; sourceTree = "<group>"; };
		E1000031262F0001009A0001 /* ThemeConfig.swift */ = {isa = PBXFileReference; lastKnownFileType = sourcecode.swift; path = ThemeConfig.swift; sourceTree = "<group>"; };
/* End PBXFileReference section */

/* Begin PBXFrameworksBuildPhase section */
		E100000D262F0001009A0001 /* Frameworks */ = {
			isa = PBXFrameworksBuildPhase;
			buildActionMask = 2147483647;
			files = (
			);
			runOnlyForDeploymentPostprocessing = 0;
		};
/* End PBXFrameworksBuildPhase section */

/* Begin PBXGroup section */
		4F7EA9162F3B77FA006D5BEB /* Models */ = {
			isa = PBXGroup;
			children = (
				4F7EA9152F3B77FA006D5BEB /* UserProgress.swift */,
			);
			path = Models;
			sourceTree = "<group>";
		};
		4F7EA9182F3B77FA006D5BEB /* Services */ = {
			isa = PBXGroup;
			children = (
				4F7EA93A2F3DFD71006D5BEB /* OnboardingService.swift */,
				4F7EA9172F3B77FA006D5BEB /* PersistenceService.swift */,
			);
			path = Services;
			sourceTree = "<group>";
		};
		4F7EA91C2F3C2EDE006D5BEB /* ViewModels */ = {
			isa = PBXGroup;
			children = (
				4F7EA91B2F3C2EDE006D5BEB /* MainViewModel.swift */,
			);
			path = ViewModels;
			sourceTree = "<group>";
		};
		4F7EA91F2F3D8536006D5BEB /* Data */ = {
			isa = PBXGroup;
			children = (
				4F7EA9322F3DCACC006D5BEB /* NetworkWisdomGardenRepository.swift */,
				4F7EA91E2F3D8536006D5BEB /* WisdomGardenData.swift */,
			);
			path = Data;
			sourceTree = "<group>";
		};
		4F7EA9212F3D8536006D5BEB /* Models */ = {
			isa = PBXGroup;
			children = (
				4F7EA9202F3D8536006D5BEB /* WisdomGardenModels.swift */,
			);
			path = Models;
			sourceTree = "<group>";
		};
		4F7EA9232F3D8536006D5BEB /* ViewModels */ = {
			isa = PBXGroup;
			children = (
				4F7EA9222F3D8536006D5BEB /* WisdomGardenViewModel.swift */,
			);
			path = ViewModels;
			sourceTree = "<group>";
		};
		4F7EA9272F3D8536006D5BEB /* Components */ = {
			isa = PBXGroup;
			children = (
				4F7EA9242F3D8536006D5BEB /* PracticeChecklistView.swift */,
				4F7EA9252F3D8536006D5BEB /* WeekSelectorView.swift */,
				4F7EA9262F3D8536006D5BEB /* WisdomTreeVisualizationView.swift */,
			);
			path = Components;
			sourceTree = "<group>";
		};
		4F7EA9292F3D8536006D5BEB /* Views */ = {
			isa = PBXGroup;
			children = (
				4F7EA9272F3D8536006D5BEB /* Components */,
				4F7EA9342F3DCE73006D5BEB /* WeeklyPracticesView.swift */,
				4F7EA9282F3D8536006D5BEB /* WisdomGardenView.swift */,
			);
			path = Views;
			sourceTree = "<group>";
		};
		4F7EA92A2F3D8536006D5BEB /* WisdomGarden */ = {
			isa = PBXGroup;
			children = (
				4F7EA91F2F3D8536006D5BEB /* Data */,
				4F7EA9212F3D8536006D5BEB /* Models */,
				4F7EA9232F3D8536006D5BEB /* ViewModels */,
				4F7EA9292F3D8536006D5BEB /* Views */,
			);
			path = WisdomGarden;
			sourceTree = "<group>";
		};
		4F7EA9432F3E0288006D5BEB /* Onboarding */ = {
			isa = PBXGroup;
			children = (
				4F7EA9422F3E0288006D5BEB /* OnboardingView.swift */,
			);
			path = Onboarding;
			sourceTree = "<group>";
		};
		E100000E262F0001009A0001 = {
			isa = PBXGroup;
			children = (
				E100000F262F0001009A0001 /* TheMiddleWay */,
				E1000011262F0001009A0001 /* Products */,
			);
			sourceTree = "<group>";
		};
		E100000F262F0001009A0001 /* TheMiddleWay */ = {
			isa = PBXGroup;
			children = (
				E1000012262F0001009A0001 /* Sources */,
				E1000013262F0001009A0001 /* Resources */,
			);
			path = TheMiddleWay;
			sourceTree = "<group>";
		};
		E1000011262F0001009A0001 /* Products */ = {
			isa = PBXGroup;
			children = (
				E1000010262F0001009A0001 /* TheMiddleWay.app */,
			);
			name = Products;
			sourceTree = "<group>";
		};
		E1000012262F0001009A0001 /* Sources */ = {
			isa = PBXGroup;
			children = (
				E1000014262F0001009A0001 /* App */,
				E1000015262F0001009A0001 /* Core */,
				E1000016262F0001009A0001 /* Features */,
			);
			path = Sources;
			sourceTree = "<group>";
		};
		E1000013262F0001009A0001 /* Resources */ = {
			isa = PBXGroup;
			children = (
				E1000006262F0001009A0001 /* Assets.xcassets */,
			);
			path = Resources;
			sourceTree = "<group>";
		};
		E1000014262F0001009A0001 /* App */ = {
			isa = PBXGroup;
			children = (
				E1000002262F0001009A0001 /* TheMiddleWayApp.swift */,
				E1000004262F0001009A0001 /* ContentView.swift */,
			);
			path = App;
			sourceTree = "<group>";
		};
		E1000015262F0001009A0001 /* Core */ = {
			isa = PBXGroup;
			children = (
				4F7EA91C2F3C2EDE006D5BEB /* ViewModels */,
				4F7EA9162F3B77FA006D5BEB /* Models */,
				4F7EA9182F3B77FA006D5BEB /* Services */,
				E1000017262F0001009A0001 /* Theme */,
				E1000018262F0001009A0001 /* Navigation */,
			);
			path = Core;
			sourceTree = "<group>";
		};
		E1000016262F0001009A0001 /* Features */ = {
			isa = PBXGroup;
			children = (
				4F7EA9432F3E0288006D5BEB /* Onboarding */,
				4F7EA92A2F3D8536006D5BEB /* WisdomGarden */,
				E1000019262F0001009A0001 /* Home */,
			);
			path = Features;
			sourceTree = "<group>";
		};
		E1000017262F0001009A0001 /* Theme */ = {
			isa = PBXGroup;
			children = (
				E1000008262F0001009A0001 /* AppColors.swift */,
				E100000A262F0001009A0001 /* AppTypography.swift */,
				E1000025262F0001009A0001 /* AppTheme.swift */,
				E1000031262F0001009A0001 /* ThemeConfig.swift */,
			);
			path = Theme;
			sourceTree = "<group>";
		};
		E1000018262F0001009A0001 /* Navigation */ = {
			isa = PBXGroup;
			children = (
			);
			path = Navigation;
			sourceTree = "<group>";
		};
		E1000019262F0001009A0001 /* Home */ = {
			isa = PBXGroup;
			children = (
				E100000C262F0001009A0001 /* HomeView.swift */,
			);
			path = Home;
			sourceTree = "<group>";
		};
/* End PBXGroup section */

/* Begin PBXNativeTarget section */
		E100001A262F0001009A0001 /* TheMiddleWay */ = {
			isa = PBXNativeTarget;
			buildConfigurationList = E100001B262F0001009A0001 /* Build configuration list for PBXNativeTarget "TheMiddleWay" */;
			buildPhases = (
				E100001C262F0001009A0001 /* Sources */,
				E100000D262F0001009A0001 /* Frameworks */,
				E100001D262F0001009A0001 /* Resources */,
			);
			buildRules = (
			);
			dependencies = (
			);
			name = TheMiddleWay;
			productName = TheMiddleWay;
			productReference = E1000010262F0001009A0001 /* TheMiddleWay.app */;
			productType = "com.apple.product-type.application";
		};
/* End PBXNativeTarget section */

/* Begin PBXProject section */
		E100001E262F0001009A0001 /* Project object */ = {
			isa = PBXProject;
			attributes = {
				BuildIndependentTargetsInParallel = 1;
				LastSwiftUpdateCheck = 1600;
				LastUpgradeCheck = 2620;
				TargetAttributes = {
					E100001A262F0001009A0001 = {
						CreatedOnToolsVersion = 16.0;
					};
				};
			};
			buildConfigurationList = E100001F262F0001009A0001 /* Build configuration list for PBXProject "TheMiddleWay" */;
			compatibilityVersion = "Xcode 14.0";
			developmentRegion = en;
			hasScannedForEncodings = 0;
			knownRegions = (
				en,
				Base,
			);
			mainGroup = E100000E262F0001009A0001;
			productRefGroup = E1000011262F0001009A0001 /* Products */;
			projectDirPath = "";
			projectRoot = "";
			targets = (
				E100001A262F0001009A0001 /* TheMiddleWay */,
			);
		};
/* End PBXProject section */

/* Begin PBXResourcesBuildPhase section */
		E100001D262F0001009A0001 /* Resources */ = {
			isa = PBXResourcesBuildPhase;
			buildActionMask = 2147483647;
			files = (
				E1000005262F0001009A0001 /* Assets.xcassets in Resources */,
			);
			runOnlyForDeploymentPostprocessing = 0;
		};
/* End PBXResourcesBuildPhase section */

/* Begin PBXSourcesBuildPhase section */
		E100001C262F0001009A0001 /* Sources */ = {
			isa = PBXSourcesBuildPhase;
			buildActionMask = 2147483647;
			files = (
				E1000001262F0001009A0001 /* TheMiddleWayApp.swift in Sources */,
				E1000003262F0001009A0001 /* ContentView.swift in Sources */,
				4F7EA9192F3B77FA006D5BEB /* PersistenceService.swift in Sources */,
				4F7EA91A2F3B77FA006D5BEB /* UserProgress.swift in Sources */,
				4F7EA92B2F3D8536006D5BEB /* WisdomGardenViewModel.swift in Sources */,
				4F7EA92C2F3D8536006D5BEB /* WisdomTreeVisualizationView.swift in Sources */,
				4F7EA92D2F3D8536006D5BEB /* WisdomGardenView.swift in Sources */,
				4F7EA92E2F3D8536006D5BEB /* PracticeChecklistView.swift in Sources */,
				4F7EA92F2F3D8536006D5BEB /* WisdomGardenData.swift in Sources */,
				4F7EA9302F3D8536006D5BEB /* WisdomGardenModels.swift in Sources */,
				4F7EA9312F3D8536006D5BEB /* WeekSelectorView.swift in Sources */,
				4F7EA93D2F3DFD71006D5BEB /* OnboardingService.swift in Sources */,
				E1000007262F0001009A0001 /* AppColors.swift in Sources */,
				4F7EA9332F3DCACC006D5BEB /* NetworkWisdomGardenRepository.swift in Sources */,
				4F7EA9352F3DCE73006D5BEB /* WeeklyPracticesView.swift in Sources */,
				4F7EA91D2F3C2EDE006D5BEB /* MainViewModel.swift in Sources */,
				E1000009262F0001009A0001 /* AppTypography.swift in Sources */,
				E100000B262F0001009A0001 /* HomeView.swift in Sources */,
				E1000024262F0001009A0001 /* AppTheme.swift in Sources */,
				E1000030262F0001009A0001 /* ThemeConfig.swift in Sources */,
				4F7EA9442F3E0288006D5BEB /* OnboardingView.swift in Sources */,
			);
			runOnlyForDeploymentPostprocessing = 0;
		};
/* End PBXSourcesBuildPhase section */

/* Begin XCBuildConfiguration section */
		E1000020262F0001009A0001 /* Debug */ = {
			isa = XCBuildConfiguration;
			buildSettings = {
				ALWAYS_SEARCH_USER_PATHS = NO;
				ASSETCATALOG_COMPILER_GENERATE_SWIFT_ASSET_SYMBOL_EXTENSIONS = YES;
				CLANG_ANALYZER_NONNULL = YES;
				CLANG_ANALYZER_NUMBER_OBJECT_CONVERSION = YES_AGGRESSIVE;
				CLANG_CXX_LANGUAGE_STANDARD = "gnu++20";
				CLANG_ENABLE_MODULES = YES;
				CLANG_ENABLE_OBJC_ARC = YES;
				CLANG_ENABLE_OBJC_WEAK = YES;
				CLANG_WARN_BLOCK_CAPTURE_AUTORELEASING = YES;
				CLANG_WARN_BOOL_CONVERSION = YES;
				CLANG_WARN_COMMA = YES;
				CLANG_WARN_CONSTANT_CONVERSION = YES;
				CLANG_WARN_DEPRECATED_OBJC_IMPLEMENTATIONS = YES;
				CLANG_WARN_DIRECT_OBJC_ISA_USAGE = YES_ERROR;
				CLANG_WARN_DOCUMENTATION_COMMENTS = YES;
				CLANG_WARN_EMPTY_BODY = YES;
				CLANG_WARN_ENUM_CONVERSION = YES;
				CLANG_WARN_INFINITE_RECURSION = YES;
				CLANG_WARN_INT_CONVERSION = YES;
				CLANG_WARN_NON_LITERAL_NULL_CONVERSION = YES;
				CLANG_WARN_OBJC_IMPLICIT_RETAIN_SELF = YES;
				CLANG_WARN_OBJC_LITERAL_CONVERSION = YES;
				CLANG_WARN_OBJC_ROOT_CLASS = YES_ERROR;
				CLANG_WARN_QUOTED_INCLUDE_IN_FRAMEWORK_HEADER = YES;
				CLANG_WARN_RANGE_LOOP_ANALYSIS = YES;
				CLANG_WARN_STRICT_PROTOTYPES = YES;
				CLANG_WARN_SUSPICIOUS_MOVE = YES;
				CLANG_WARN_UNGUARDED_AVAILABILITY = YES_AGGRESSIVE;
				CLANG_WARN_UNREACHABLE_CODE = YES;
				CLANG_WARN__DUPLICATE_METHOD_MATCH = YES;
				COPY_PHASE_STRIP = NO;
				DEBUG_INFORMATION_FORMAT = dwarf;
				ENABLE_STRICT_OBJC_MSGSEND = YES;
				ENABLE_TESTABILITY = YES;
				ENABLE_USER_SCRIPT_SANDBOXING = YES;
				GCC_C_LANGUAGE_STANDARD = gnu17;
				GCC_DYNAMIC_NO_PIC = NO;
				GCC_NO_COMMON_BLOCKS = YES;
				GCC_OPTIMIZATION_LEVEL = 0;
				GCC_PREPROCESSOR_DEFINITIONS = (
					"DEBUG=1",
					"$(inherited)",
				);
				GCC_WARN_64_TO_32_BIT_CONVERSION = YES;
				GCC_WARN_ABOUT_RETURN_TYPE = YES_ERROR;
				GCC_WARN_UNDECLARED_SELECTOR = YES;
				GCC_WARN_UNINITIALIZED_AUTOS = YES_AGGRESSIVE;
				GCC_WARN_UNUSED_FUNCTION = YES;
				GCC_WARN_UNUSED_VARIABLE = YES;
				IPHONEOS_DEPLOYMENT_TARGET = 17.0;
				LOCALIZATION_PREFERS_STRING_CATALOGS = YES;
				MTL_ENABLE_DEBUG_INFO = INCLUDE_SOURCE;
				MTL_FAST_MATH = YES;
				ONLY_ACTIVE_ARCH = YES;
				SDKROOT = iphoneos;
				STRING_CATALOG_GENERATE_SYMBOLS = YES;
				SWIFT_ACTIVE_COMPILATION_CONDITIONS = "DEBUG $(inherited)";
				SWIFT_OPTIMIZATION_LEVEL = "-Onone";
			};
			name = Debug;
		};
		E1000021262F0001009A0001 /* Release */ = {
			isa = XCBuildConfiguration;
			buildSettings = {
				ALWAYS_SEARCH_USER_PATHS = NO;
				ASSETCATALOG_COMPILER_GENERATE_SWIFT_ASSET_SYMBOL_EXTENSIONS = YES;
				CLANG_ANALYZER_NONNULL = YES;
				CLANG_ANALYZER_NUMBER_OBJECT_CONVERSION = YES_AGGRESSIVE;
				CLANG_CXX_LANGUAGE_STANDARD = "gnu++20";
				CLANG_ENABLE_MODULES = YES;
				CLANG_ENABLE_OBJC_ARC = YES;
				CLANG_ENABLE_OBJC_WEAK = YES;
				CLANG_WARN_BLOCK_CAPTURE_AUTORELEASING = YES;
				CLANG_WARN_BOOL_CONVERSION = YES;
				CLANG_WARN_COMMA = YES;
				CLANG_WARN_CONSTANT_CONVERSION = YES;
				CLANG_WARN_DEPRECATED_OBJC_IMPLEMENTATIONS = YES;
				CLANG_WARN_DIRECT_OBJC_ISA_USAGE = YES_ERROR;
				CLANG_WARN_DOCUMENTATION_COMMENTS = YES;
				CLANG_WARN_EMPTY_BODY = YES;
				CLANG_WARN_ENUM_CONVERSION = YES;
				CLANG_WARN_INFINITE_RECURSION = YES;
				CLANG_WARN_INT_CONVERSION = YES;
				CLANG_WARN_NON_LITERAL_NULL_CONVERSION = YES;
				CLANG_WARN_OBJC_IMPLICIT_RETAIN_SELF = YES;
				CLANG_WARN_OBJC_LITERAL_CONVERSION = YES;
				CLANG_WARN_OBJC_ROOT_CLASS = YES_ERROR;
				CLANG_WARN_QUOTED_INCLUDE_IN_FRAMEWORK_HEADER = YES;
				CLANG_WARN_RANGE_LOOP_ANALYSIS = YES;
				CLANG_WARN_STRICT_PROTOTYPES = YES;
				CLANG_WARN_SUSPICIOUS_MOVE = YES;
				CLANG_WARN_UNGUARDED_AVAILABILITY = YES_AGGRESSIVE;
				CLANG_WARN_UNREACHABLE_CODE = YES;
				CLANG_WARN__DUPLICATE_METHOD_MATCH = YES;
				COPY_PHASE_STRIP = NO;
				DEBUG_INFORMATION_FORMAT = "dwarf-with-dsym";
				ENABLE_NS_ASSERTIONS = NO;
				ENABLE_STRICT_OBJC_MSGSEND = YES;
				ENABLE_USER_SCRIPT_SANDBOXING = YES;
				GCC_C_LANGUAGE_STANDARD = gnu17;
				GCC_NO_COMMON_BLOCKS = YES;
				GCC_WARN_64_TO_32_BIT_CONVERSION = YES;
				GCC_WARN_ABOUT_RETURN_TYPE = YES_ERROR;
				GCC_WARN_UNDECLARED_SELECTOR = YES;
				GCC_WARN_UNINITIALIZED_AUTOS = YES_AGGRESSIVE;
				GCC_WARN_UNUSED_FUNCTION = YES;
				GCC_WARN_UNUSED_VARIABLE = YES;
				IPHONEOS_DEPLOYMENT_TARGET = 17.0;
				LOCALIZATION_PREFERS_STRING_CATALOGS = YES;
				MTL_ENABLE_DEBUG_INFO = NO;
				MTL_FAST_MATH = YES;
				SDKROOT = iphoneos;
				STRING_CATALOG_GENERATE_SYMBOLS = YES;
				SWIFT_COMPILATION_MODE = wholemodule;
				VALIDATE_PRODUCT = YES;
			};
			name = Release;
		};
		E1000022262F0001009A0001 /* Debug */ = {
			isa = XCBuildConfiguration;
			buildSettings = {
				ASSETCATALOG_COMPILER_APPICON_NAME = AppIcon;
				ASSETCATALOG_COMPILER_GLOBAL_ACCENT_COLOR_NAME = AccentColor;
				CODE_SIGN_STYLE = Automatic;
				CURRENT_PROJECT_VERSION = 1;
				DEVELOPMENT_TEAM = "";
				ENABLE_PREVIEWS = YES;
				GENERATE_INFOPLIST_FILE = YES;
				INFOPLIST_KEY_CFBundleDisplayName = "The Middle Way";
				INFOPLIST_KEY_UIApplicationSceneManifest_Generation = YES;
				INFOPLIST_KEY_UIApplicationSupportsIndirectInputEvents = YES;
				INFOPLIST_KEY_UILaunchScreen_Generation = YES;
				INFOPLIST_KEY_UISupportedInterfaceOrientations_iPad = "UIInterfaceOrientationPortrait UIInterfaceOrientationPortraitUpsideDown UIInterfaceOrientationLandscapeLeft UIInterfaceOrientationLandscapeRight";
				INFOPLIST_KEY_UISupportedInterfaceOrientations_iPhone = "UIInterfaceOrientationPortrait UIInterfaceOrientationLandscapeLeft UIInterfaceOrientationLandscapeRight";
				LD_RUNPATH_SEARCH_PATHS = (
					"$(inherited)",
					"@executable_path/Frameworks",
				);
				MARKETING_VERSION = 0.5.0;
				PRODUCT_BUNDLE_IDENTIFIER = com.oatrice.themiddleway;
				PRODUCT_NAME = "$(TARGET_NAME)";
				SWIFT_EMIT_LOC_STRINGS = YES;
				SWIFT_VERSION = 5.0;
				TARGETED_DEVICE_FAMILY = "1,2";
			};
			name = Debug;
		};
		E1000023262F0001009A0001 /* Release */ = {
			isa = XCBuildConfiguration;
			buildSettings = {
				ASSETCATALOG_COMPILER_APPICON_NAME = AppIcon;
				ASSETCATALOG_COMPILER_GLOBAL_ACCENT_COLOR_NAME = AccentColor;
				CODE_SIGN_STYLE = Automatic;
				CURRENT_PROJECT_VERSION = 1;
				DEVELOPMENT_TEAM = "";
				ENABLE_PREVIEWS = YES;
				GENERATE_INFOPLIST_FILE = YES;
				INFOPLIST_KEY_CFBundleDisplayName = "The Middle Way";
				INFOPLIST_KEY_UIApplicationSceneManifest_Generation = YES;
				INFOPLIST_KEY_UIApplicationSupportsIndirectInputEvents = YES;
				INFOPLIST_KEY_UILaunchScreen_Generation = YES;
				INFOPLIST_KEY_UISupportedInterfaceOrientations_iPad = "UIInterfaceOrientationPortrait UIInterfaceOrientationPortraitUpsideDown UIInterfaceOrientationLandscapeLeft UIInterfaceOrientationLandscapeRight";
				INFOPLIST_KEY_UISupportedInterfaceOrientations_iPhone = "UIInterfaceOrientationPortrait UIInterfaceOrientationLandscapeLeft UIInterfaceOrientationLandscapeRight";
				LD_RUNPATH_SEARCH_PATHS = (
					"$(inherited)",
					"@executable_path/Frameworks",
				);
				MARKETING_VERSION = 0.5.0;
				PRODUCT_BUNDLE_IDENTIFIER = com.oatrice.themiddleway;
				PRODUCT_NAME = "$(TARGET_NAME)";
				SWIFT_EMIT_LOC_STRINGS = YES;
				SWIFT_VERSION = 5.0;
				TARGETED_DEVICE_FAMILY = "1,2";
			};
			name = Release;
		};
/* End XCBuildConfiguration section */

/* Begin XCConfigurationList section */
		E100001B262F0001009A0001 /* Build configuration list for PBXNativeTarget "TheMiddleWay" */ = {
			isa = XCConfigurationList;
			buildConfigurations = (
				E1000022262F0001009A0001 /* Debug */,
				E1000023262F0001009A0001 /* Release */,
			);
			defaultConfigurationIsVisible = 0;
			defaultConfigurationName = Release;
		};
		E100001F262F0001009A0001 /* Build configuration list for PBXProject "TheMiddleWay" */ = {
			isa = XCConfigurationList;
			buildConfigurations = (
				E1000020262F0001009A0001 /* Debug */,
				E1000021262F0001009A0001 /* Release */,
			);
			defaultConfigurationIsVisible = 0;
			defaultConfigurationName = Release;
		};
/* End XCConfigurationList section */
	};
	rootObject = E100001E262F0001009A0001 /* Project object */;
}
